
Microsoft Visual Studio Solution File, Format Version 12.00
# Visual Studio 15
VisualStudioVersion = 15.0.28307.106
MinimumVisualStudioVersion = 10.0.40219.1
Project("{FAE04EC0-301F-11D3-BF4B-00C04F79EFBC}") = "EPIC", "EPIC\EPIC.csproj", "{D395231F-4584-43C9-BFC6-F0F7E5AFBC2C}"
EndProject
Project("{FAE04EC0-301F-11D3-BF4B-00C04F79EFBC}") = "EPIC.Tests", "EPIC.Tests\EPIC.Tests.csproj", "{BD6C98CB-CDCE-4230-8BDC-40309B4A96FF}"
EndProject
Global
	GlobalSection(SolutionConfigurationPlatforms) = preSolution
		Debug|Any CPU = Debug|Any CPU
		Release|Any CPU = Release|Any CPU
	EndGlobalSection
	GlobalSection(ProjectConfigurationPlatforms) = postSolution
		{D395231F-4584-43C9-BFC6-F0F7E5AFBC2C}.Debug|Any CPU.ActiveCfg = Debug|Any CPU
		{D395231F-4584-43C9-BFC6-F0F7E5AFBC2C}.Debug|Any CPU.Build.0 = Debug|Any CPU
		{D395231F-4584-43C9-BFC6-F0F7E5AFBC2C}.Release|Any CPU.ActiveCfg = Release|Any CPU
		{D395231F-4584-43C9-BFC6-F0F7E5AFBC2C}.Release|Any CPU.Build.0 = Release|Any CPU
		{BD6C98CB-CDCE-4230-8BDC-40309B4A96FF}.Debug|Any CPU.ActiveCfg = Debug|Any CPU
		{BD6C98CB-CDCE-4230-8BDC-40309B4A96FF}.Debug|Any CPU.Build.0 = Debug|Any CPU
		{BD6C98CB-CDCE-4230-8BDC-40309B4A96FF}.Release|Any CPU.ActiveCfg = Release|Any CPU
		{BD6C98CB-CDCE-4230-8BDC-40309B4A96FF}.Release|Any CPU.Build.0 = Release|Any CPU
	EndGlobalSection
	GlobalSection(SolutionProperties) = preSolution
		HideSolutionNode = FALSE
	EndGlobalSection
	GlobalSection(ExtensibilityGlobals) = postSolution
		SolutionGuid = {6C8EE01E-EF41-4C73-8D07-7EE984FC6376}
	EndGlobalSection
EndGlobal
